{
  "name": "@funnelnek/core",
  "version": "1.0.0",
  "lockfileVersion": 3,
  "requires": true,
  "packages": {
    "": {
      "name": "@funnelnek/core",
      "version": "1.0.0",
      "license": "ISC",
      "workspaces": [
        "./common",
        "./ioc"
      ]
    },
    "common": {
      "name": "@funnelnek/common",
      "version": "1.0.0",
      "license": "ISC",
      "dependencies": {
        "@nestjs/common": "^9.3.9",
        "scss-loader": "^0.0.1"
      }
    },
    "ioc": {
      "name": "@funnelnek/ioc",
      "version": "1.0.0",
      "license": "ISC",
      "dependencies": {
        "@funnelnek/common": "1.0.0",
        "reflect-metadata": "0.1.13"
      }
    },
    "node_modules/@funnelnek/common": {
      "resolved": "common",
      "link": true
    },
    "node_modules/@funnelnek/ioc": {
      "resolved": "ioc",
      "link": true
    },
    "node_modules/@nestjs/common": {
      "version": "9.4.3",
      "license": "MIT",
      "dependencies": {
        "iterare": "1.2.1",
        "tslib": "2.5.3",
        "uid": "2.0.2"
      },
      "funding": {
        "type": "opencollective",
        "url": "https://opencollective.com/nest"
      },
      "peerDependencies": {
        "cache-manager": "<=5",
        "class-transformer": "*",
        "class-validator": "*",
        "reflect-metadata": "^0.1.12",
        "rxjs": "^7.1.0"
      },
      "peerDependenciesMeta": {
        "cache-manager": {
          "optional": true
        },
        "class-transformer": {
          "optional": true
        },
        "class-validator": {
          "optional": true
        }
      }
    },
    "node_modules/reflect-metadata": {
      "version": "0.1.13",
      "resolved": "https://registry.npmjs.org/reflect-metadata/-/reflect-metadata-0.1.13.tgz",
      "integrity": "sha512-Ts1Y/anZELhSsjMcU605fU9RE4Oi3p5ORujwbIKXfWa+0Zxs510Qrmrce5/Jowq3cHSZSJqBjypxmHarc+vEWg=="
    },
    "node_modules/scss-loader": {
      "version": "0.0.1",
      "resolved": "https://registry.npmjs.org/scss-loader/-/scss-loader-0.0.1.tgz",
      "integrity": "sha512-SbT/smRJjkvvdHSEdAYAplosVkrtaSwwgUlnQCOuDS5sOKNjrS/eYCMvKeV6+YxK5cCOCsOJZd3vltrXatFp+g=="
    },
    "node_modules/tslib": {
      "version": "2.5.3",
      "license": "0BSD"
    }
  }
}
